
Microsoft Visual Studio Solution File, Format Version 12.00
# Visual Studio Version 17
VisualStudioVersion = 17.1.32228.430
MinimumVisualStudioVersion = 10.0.40219.1
Project("{FAE04EC0-301F-11D3-BF4B-00C04F79EFBC}") = "TBP", "TBP\TBP.csproj", "{4BD0A039-9CA1-4886-BB9D-CA8FA8F519BA}"
EndProject
Global
	GlobalSection(SolutionConfigurationPlatforms) = preSolution
		Debug|Any CPU = Debug|Any CPU
		Release|Any CPU = Release|Any CPU
	EndGlobalSection
	GlobalSection(ProjectConfigurationPlatforms) = postSolution
		{4BD0A039-9CA1-4886-BB9D-CA8FA8F519BA}.Debug|Any CPU.ActiveCfg = Debug|Any CPU
		{4BD0A039-9CA1-4886-BB9D-CA8FA8F519BA}.Debug|Any CPU.Build.0 = Debug|Any CPU
		{4BD0A039-9CA1-4886-BB9D-CA8FA8F519BA}.Release|Any CPU.ActiveCfg = Release|Any CPU
		{4BD0A039-9CA1-4886-BB9D-CA8FA8F519BA}.Release|Any CPU.Build.0 = Release|Any CPU
	EndGlobalSection
	GlobalSection(SolutionProperties) = preSolution
		HideSolutionNode = FALSE
	EndGlobalSection
	GlobalSection(ExtensibilityGlobals) = postSolution
		SolutionGuid = {73681DA7-34FC-42CA-8B99-4F3ECDEF4F00}
	EndGlobalSection
EndGlobal
